
Microsoft Visual Studio Solution File, Format Version 12.00
# Visual Studio Version 16
VisualStudioVersion = 16.0.30225.117
MinimumVisualStudioVersion = 10.0.40219.1
Project("{FAE04EC0-301F-11D3-BF4B-00C04F79EFBC}") = "WebYugiohCardApplication", "WebYugiohCardApplication\WebYugiohCardApplication.csproj", "{FD12D125-99F6-4AAC-B2B0-C51B4C8B8FA3}"
EndProject
Global
	GlobalSection(SolutionConfigurationPlatforms) = preSolution
		Debug|Any CPU = Debug|Any CPU
		Release|Any CPU = Release|Any CPU
	EndGlobalSection
	GlobalSection(ProjectConfigurationPlatforms) = postSolution
		{FD12D125-99F6-4AAC-B2B0-C51B4C8B8FA3}.Debug|Any CPU.ActiveCfg = Debug|Any CPU
		{FD12D125-99F6-4AAC-B2B0-C51B4C8B8FA3}.Debug|Any CPU.Build.0 = Debug|Any CPU
		{FD12D125-99F6-4AAC-B2B0-C51B4C8B8FA3}.Release|Any CPU.ActiveCfg = Release|Any CPU
		{FD12D125-99F6-4AAC-B2B0-C51B4C8B8FA3}.Release|Any CPU.Build.0 = Release|Any CPU
	EndGlobalSection
	GlobalSection(SolutionProperties) = preSolution
		HideSolutionNode = FALSE
	EndGlobalSection
	GlobalSection(ExtensibilityGlobals) = postSolution
		SolutionGuid = {41578EE0-ED9D-403E-AE3F-216BC1B70C8C}
	EndGlobalSection
EndGlobal
